<?xml version="1.0" encoding="utf-8"?>
<Project ToolsVersion="17.0" xmlns="http://schemas.microsoft.com/developer/msbuild/2003">
  <ItemGroup>
    <CustomBuild Include="D:\TCD\Computer Graphics\CW1\Coursework1\glm-1.0.2\CMakeFiles\7f23be2dc4b0cfa9ffc0ca8215906e56\PACKAGE_force.rule">
      <Filter>CMake Rules</Filter>
    </CustomBuild>
  </ItemGroup>
  <ItemGroup>
    <Filter Include="CMake Rules">
      <UniqueIdentifier>{FFE952D1-3F25-3B2B-86AB-3F240F780540}</UniqueIdentifier>
    </Filter>
  </ItemGroup>
</Project>
